// !$*UTF8*$!
{
	archiveVersion = 1;
	classes = {
	};
	objectVersion = 46;
	objects = {

/* Begin PBXBuildFile section */
		BC89B03C1BEEACFB00935C80 /* main.m in Sources */ = {isa = PBXBuildFile; fileRef = BC89B03B1BEEACFB00935C80 /* main.m */; };
		BC89B03F1BEEACFB00935C80 /* AppDelegate.m in Sources */ = {isa = PBXBuildFile; fileRef = BC89B03E1BEEACFB00935C80 /* AppDelegate.m */; };
		BC89B0421BEEACFB00935C80 /* FirstViewController.m in Sources */ = {isa = PBXBuildFile; fileRef = BC89B0411BEEACFB00935C80 /* FirstViewController.m */; };
		BC89B0451BEEACFB00935C80 /* SecondViewController.m in Sources */ = {isa = PBXBuildFile; fileRef = BC89B0441BEEACFB00935C80 /* SecondViewController.m */; };
		BC89B0481BEEACFB00935C80 /* Main.storyboard in Resources */ = {isa = PBXBuildFile; fileRef = BC89B0461BEEACFB00935C80 /* Main.storyboard */; };
		BC89B04A1BEEACFB00935C80 /* Images.xcassets in Resources */ = {isa = PBXBuildFile; fileRef = BC89B0491BEEACFB00935C80 /* Images.xcassets */; };
		BC89B04D1BEEACFB00935C80 /* LaunchScreen.xib in Resources */ = {isa = PBXBuildFile; fileRef = BC89B04B1BEEACFB00935C80 /* LaunchScreen.xib */; };
		BC89B0591BEEACFB00935C80 /* run2playTests.m in Sources */ = {isa = PBXBuildFile; fileRef = BC89B0581BEEACFB00935C80 /* run2playTests.m */; };
		BC89B0661BEEAEB500935C80 /* HealthKit.framework in Frameworks */ = {isa = PBXBuildFile; fileRef = BC89B0651BEEAEB500935C80 /* HealthKit.framework */; };
		BC89B0711BEEE16400935C80 /* 001.png in Resources */ = {isa = PBXBuildFile; fileRef = BC89B0671BEEE16400935C80 /* 001.png */; };
		BC89B0721BEEE16400935C80 /* 002.png in Resources */ = {isa = PBXBuildFile; fileRef = BC89B0681BEEE16400935C80 /* 002.png */; };
		BC89B0731BEEE16400935C80 /* 003.png in Resources */ = {isa = PBXBuildFile; fileRef = BC89B0691BEEE16400935C80 /* 003.png */; };
		BC89B0741BEEE16400935C80 /* 004.png in Resources */ = {isa = PBXBuildFile; fileRef = BC89B06A1BEEE16400935C80 /* 004.png */; };
		BC89B0751BEEE16400935C80 /* 005.png in Resources */ = {isa = PBXBuildFile; fileRef = BC89B06B1BEEE16400935C80 /* 005.png */; };
		BC89B0761BEEE16400935C80 /* 006.png in Resources */ = {isa = PBXBuildFile; fileRef = BC89B06C1BEEE16400935C80 /* 006.png */; };
		BC89B0771BEEE16400935C80 /* 007.png in Resources */ = {isa = PBXBuildFile; fileRef = BC89B06D1BEEE16400935C80 /* 007.png */; };
		BC89B0781BEEE16400935C80 /* 008.png in Resources */ = {isa = PBXBuildFile; fileRef = BC89B06E1BEEE16400935C80 /* 008.png */; };
		BC89B0791BEEE16400935C80 /* 009.png in Resources */ = {isa = PBXBuildFile; fileRef = BC89B06F1BEEE16400935C80 /* 009.png */; };
		BC89B07A1BEEE16400935C80 /* 010.png in Resources */ = {isa = PBXBuildFile; fileRef = BC89B0701BEEE16400935C80 /* 010.png */; };
		BC89B07C1BEEF1D400935C80 /* 1.jpg in Resources */ = {isa = PBXBuildFile; fileRef = BC89B07B1BEEF1D400935C80 /* 1.jpg */; };
		BC89B07E1BEEF25E00935C80 /* coin.png in Resources */ = {isa = PBXBuildFile; fileRef = BC89B07D1BEEF25E00935C80 /* coin.png */; };
		BC89B0801BEEF5D500935C80 /* Run2Play_Icon.png in Resources */ = {isa = PBXBuildFile; fileRef = BC89B07F1BEEF5D500935C80 /* Run2Play_Icon.png */; };
		BC89B0821BEEF82C00935C80 /* Splash_screen.png in Resources */ = {isa = PBXBuildFile; fileRef = BC89B0811BEEF82C00935C80 /* Splash_screen.png */; };
		BC89B0841BEF879400935C80 /* Medal-25.png in Resources */ = {isa = PBXBuildFile; fileRef = BC89B0831BEF879300935C80 /* Medal-25.png */; };
		BC89B0861BEF879900935C80 /* Right Footprint-25.png in Resources */ = {isa = PBXBuildFile; fileRef = BC89B0851BEF879900935C80 /* Right Footprint-25.png */; };
		BC89B0881BEF8C2900935C80 /* Splash_screen@1.png in Resources */ = {isa = PBXBuildFile; fileRef = BC89B0871BEF8C2900935C80 /* Splash_screen@1.png */; };
		BC89B08A1BEF8EC200935C80 /* LOL.png in Resources */ = {isa = PBXBuildFile; fileRef = BC89B0891BEF8EC200935C80 /* LOL.png */; };
		BC89B08C1BEFAD1600935C80 /* Joke.png in Resources */ = {isa = PBXBuildFile; fileRef = BC89B08B1BEFAD1600935C80 /* Joke.png */; };
		BC89B08E1BEFAE0900935C80 /* Joke-1.png in Resources */ = {isa = PBXBuildFile; fileRef = BC89B08D1BEFAE0900935C80 /* Joke-1.png */; };
/* End PBXBuildFile section */

/* Begin PBXContainerItemProxy section */
		BC89B0531BEEACFB00935C80 /* PBXContainerItemProxy */ = {
			isa = PBXContainerItemProxy;
			containerPortal = BC89B02E1BEEACFB00935C80 /* Project object */;
			proxyType = 1;
			remoteGlobalIDString = BC89B0351BEEACFB00935C80;
			remoteInfo = run2play;
		};
/* End PBXContainerItemProxy section */

/* Begin PBXFileReference section */
		BC89B0361BEEACFB00935C80 /* run2play.app */ = {isa = PBXFileReference; explicitFileType = wrapper.application; includeInIndex = 0; path = run2play.app; sourceTree = BUILT_PRODUCTS_DIR; };
		BC89B03A1BEEACFB00935C80 /* Info.plist */ = {isa = PBXFileReference; lastKnownFileType = text.plist.xml; path = Info.plist; sourceTree = "<group>"; };
		BC89B03B1BEEACFB00935C80 /* main.m */ = {isa = PBXFileReference; lastKnownFileType = sourcecode.c.objc; path = main.m; sourceTree = "<group>"; };
		BC89B03D1BEEACFB00935C80 /* AppDelegate.h */ = {isa = PBXFileReference; lastKnownFileType = sourcecode.c.h; path = AppDelegate.h; sourceTree = "<group>"; };
		BC89B03E1BEEACFB00935C80 /* AppDelegate.m */ = {isa = PBXFileReference; lastKnownFileType = sourcecode.c.objc; path = AppDelegate.m; sourceTree = "<group>"; };
		BC89B0401BEEACFB00935C80 /* FirstViewController.h */ = {isa = PBXFileReference; lastKnownFileType = sourcecode.c.h; path = FirstViewController.h; sourceTree = "<group>"; };
		BC89B0411BEEACFB00935C80 /* FirstViewController.m */ = {isa = PBXFileReference; lastKnownFileType = sourcecode.c.objc; path = FirstViewController.m; sourceTree = "<group>"; };
		BC89B0431BEEACFB00935C80 /* SecondViewController.h */ = {isa = PBXFileReference; lastKnownFileType = sourcecode.c.h; path = SecondViewController.h; sourceTree = "<group>"; };
		BC89B0441BEEACFB00935C80 /* SecondViewController.m */ = {isa = PBXFileReference; lastKnownFileType = sourcecode.c.objc; path = SecondViewController.m; sourceTree = "<group>"; };
		BC89B0471BEEACFB00935C80 /* Base */ = {isa = PBXFileReference; lastKnownFileType = file.storyboard; name = Base; path = Base.lproj/Main.storyboard; sourceTree = "<group>"; };
		BC89B0491BEEACFB00935C80 /* Images.xcassets */ = {isa = PBXFileReference; lastKnownFileType = folder.assetcatalog; path = Images.xcassets; sourceTree = "<group>"; };
		BC89B04C1BEEACFB00935C80 /* Base */ = {isa = PBXFileReference; lastKnownFileType = file.xib; name = Base; path = Base.lproj/LaunchScreen.xib; sourceTree = "<group>"; };
		BC89B0521BEEACFB00935C80 /* run2playTests.xctest */ = {isa = PBXFileReference; explicitFileType = wrapper.cfbundle; includeInIndex = 0; path = run2playTests.xctest; sourceTree = BUILT_PRODUCTS_DIR; };
		BC89B0571BEEACFB00935C80 /* Info.plist */ = {isa = PBXFileReference; lastKnownFileType = text.plist.xml; path = Info.plist; sourceTree = "<group>"; };
		BC89B0581BEEACFB00935C80 /* run2playTests.m */ = {isa = PBXFileReference; lastKnownFileType = sourcecode.c.objc; path = run2playTests.m; sourceTree = "<group>"; };
		BC89B0641BEEAD3C00935C80 /* run2play.entitlements */ = {isa = PBXFileReference; lastKnownFileType = text.xml; path = run2play.entitlements; sourceTree = "<group>"; };
		BC89B0651BEEAEB500935C80 /* HealthKit.framework */ = {isa = PBXFileReference; lastKnownFileType = wrapper.framework; name = HealthKit.framework; path = System/Library/Frameworks/HealthKit.framework; sourceTree = SDKROOT; };
		BC89B0671BEEE16400935C80 /* 001.png */ = {isa = PBXFileReference; lastKnownFileType = image.png; path = 001.png; sourceTree = "<group>"; };
		BC89B0681BEEE16400935C80 /* 002.png */ = {isa = PBXFileReference; lastKnownFileType = image.png; path = 002.png; sourceTree = "<group>"; };
		BC89B0691BEEE16400935C80 /* 003.png */ = {isa = PBXFileReference; lastKnownFileType = image.png; path = 003.png; sourceTree = "<group>"; };
		BC89B06A1BEEE16400935C80 /* 004.png */ = {isa = PBXFileReference; lastKnownFileType = image.png; path = 004.png; sourceTree = "<group>"; };
		BC89B06B1BEEE16400935C80 /* 005.png */ = {isa = PBXFileReference; lastKnownFileType = image.png; path = 005.png; sourceTree = "<group>"; };
		BC89B06C1BEEE16400935C80 /* 006.png */ = {isa = PBXFileReference; lastKnownFileType = image.png; path = 006.png; sourceTree = "<group>"; };
		BC89B06D1BEEE16400935C80 /* 007.png */ = {isa = PBXFileReference; lastKnownFileType = image.png; path = 007.png; sourceTree = "<group>"; };
		BC89B06E1BEEE16400935C80 /* 008.png */ = {isa = PBXFileReference; lastKnownFileType = image.png; path = 008.png; sourceTree = "<group>"; };
		BC89B06F1BEEE16400935C80 /* 009.png */ = {isa = PBXFileReference; lastKnownFileType = image.png; path = 009.png; sourceTree = "<group>"; };
		BC89B0701BEEE16400935C80 /* 010.png */ = {isa = PBXFileReference; lastKnownFileType = image.png; path = 010.png; sourceTree = "<group>"; };
		BC89B07B1BEEF1D400935C80 /* 1.jpg */ = {isa = PBXFileReference; lastKnownFileType = image.jpeg; path = 1.jpg; sourceTree = "<group>"; };
		BC89B07D1BEEF25E00935C80 /* coin.png */ = {isa = PBXFileReference; lastKnownFileType = image.png; path = coin.png; sourceTree = "<group>"; };
		BC89B07F1BEEF5D500935C80 /* Run2Play_Icon.png */ = {isa = PBXFileReference; lastKnownFileType = image.png; path = Run2Play_Icon.png; sourceTree = "<group>"; };
		BC89B0811BEEF82C00935C80 /* Splash_screen.png */ = {isa = PBXFileReference; lastKnownFileType = image.png; path = Splash_screen.png; sourceTree = "<group>"; };
		BC89B0831BEF879300935C80 /* Medal-25.png */ = {isa = PBXFileReference; lastKnownFileType = image.png; path = "Medal-25.png"; sourceTree = "<group>"; };
		BC89B0851BEF879900935C80 /* Right Footprint-25.png */ = {isa = PBXFileReference; lastKnownFileType = image.png; path = "Right Footprint-25.png"; sourceTree = "<group>"; };
		BC89B0871BEF8C2900935C80 /* Splash_screen@1.png */ = {isa = PBXFileReference; lastKnownFileType = image.png; path = "Splash_screen@1.png"; sourceTree = "<group>"; };
		BC89B0891BEF8EC200935C80 /* LOL.png */ = {isa = PBXFileReference; lastKnownFileType = image.png; path = LOL.png; sourceTree = "<group>"; };
		BC89B08B1BEFAD1600935C80 /* Joke.png */ = {isa = PBXFileReference; lastKnownFileType = image.png; path = Joke.png; sourceTree = "<group>"; };
		BC89B08D1BEFAE0900935C80 /* Joke-1.png */ = {isa = PBXFileReference; lastKnownFileType = image.png; path = "Joke-1.png"; sourceTree = "<group>"; };
/* End PBXFileReference section */

/* Begin PBXFrameworksBuildPhase section */
		BC89B0331BEEACFB00935C80 /* Frameworks */ = {
			isa = PBXFrameworksBuildPhase;
			buildActionMask = 2147483647;
			files = (
				BC89B0661BEEAEB500935C80 /* HealthKit.framework in Frameworks */,
			);
			runOnlyForDeploymentPostprocessing = 0;
		};
		BC89B04F1BEEACFB00935C80 /* Frameworks */ = {
			isa = PBXFrameworksBuildPhase;
			buildActionMask = 2147483647;
			files = (
			);
			runOnlyForDeploymentPostprocessing = 0;
		};
/* End PBXFrameworksBuildPhase section */

/* Begin PBXGroup section */
		BC89B02D1BEEACFB00935C80 = {
			isa = PBXGroup;
			children = (
				BC89B0651BEEAEB500935C80 /* HealthKit.framework */,
				BC89B0381BEEACFB00935C80 /* run2play */,
				BC89B0551BEEACFB00935C80 /* run2playTests */,
				BC89B0371BEEACFB00935C80 /* Products */,
			);
			sourceTree = "<group>";
		};
		BC89B0371BEEACFB00935C80 /* Products */ = {
			isa = PBXGroup;
			children = (
				BC89B0361BEEACFB00935C80 /* run2play.app */,
				BC89B0521BEEACFB00935C80 /* run2playTests.xctest */,
			);
			name = Products;
			sourceTree = "<group>";
		};
		BC89B0381BEEACFB00935C80 /* run2play */ = {
			isa = PBXGroup;
			children = (
				BC89B0641BEEAD3C00935C80 /* run2play.entitlements */,
				BC89B03D1BEEACFB00935C80 /* AppDelegate.h */,
				BC89B03E1BEEACFB00935C80 /* AppDelegate.m */,
				BC89B0401BEEACFB00935C80 /* FirstViewController.h */,
				BC89B0411BEEACFB00935C80 /* FirstViewController.m */,
				BC89B0431BEEACFB00935C80 /* SecondViewController.h */,
				BC89B0441BEEACFB00935C80 /* SecondViewController.m */,
				BC89B0461BEEACFB00935C80 /* Main.storyboard */,
				BC89B0491BEEACFB00935C80 /* Images.xcassets */,
				BC89B04B1BEEACFB00935C80 /* LaunchScreen.xib */,
				BC89B0391BEEACFB00935C80 /* Supporting Files */,
			);
			path = run2play;
			sourceTree = "<group>";
		};
		BC89B0391BEEACFB00935C80 /* Supporting Files */ = {
			isa = PBXGroup;
			children = (
				BC89B08D1BEFAE0900935C80 /* Joke-1.png */,
				BC89B08B1BEFAD1600935C80 /* Joke.png */,
				BC89B0871BEF8C2900935C80 /* Splash_screen@1.png */,
				BC89B0851BEF879900935C80 /* Right Footprint-25.png */,
				BC89B0831BEF879300935C80 /* Medal-25.png */,
				BC89B0811BEEF82C00935C80 /* Splash_screen.png */,
				BC89B07B1BEEF1D400935C80 /* 1.jpg */,
				BC89B07F1BEEF5D500935C80 /* Run2Play_Icon.png */,
				BC89B07D1BEEF25E00935C80 /* coin.png */,
				BC89B0891BEF8EC200935C80 /* LOL.png */,
				BC89B0671BEEE16400935C80 /* 001.png */,
				BC89B0681BEEE16400935C80 /* 002.png */,
				BC89B0691BEEE16400935C80 /* 003.png */,
				BC89B06A1BEEE16400935C80 /* 004.png */,
				BC89B06B1BEEE16400935C80 /* 005.png */,
				BC89B06C1BEEE16400935C80 /* 006.png */,
				BC89B06D1BEEE16400935C80 /* 007.png */,
				BC89B06E1BEEE16400935C80 /* 008.png */,
				BC89B06F1BEEE16400935C80 /* 009.png */,
				BC89B0701BEEE16400935C80 /* 010.png */,
				BC89B03A1BEEACFB00935C80 /* Info.plist */,
				BC89B03B1BEEACFB00935C80 /* main.m */,
			);
			name = "Supporting Files";
			sourceTree = "<group>";
		};
		BC89B0551BEEACFB00935C80 /* run2playTests */ = {
			isa = PBXGroup;
			children = (
				BC89B0581BEEACFB00935C80 /* run2playTests.m */,
				BC89B0561BEEACFB00935C80 /* Supporting Files */,
			);
			path = run2playTests;
			sourceTree = "<group>";
		};
		BC89B0561BEEACFB00935C80 /* Supporting Files */ = {
			isa = PBXGroup;
			children = (
				BC89B0571BEEACFB00935C80 /* Info.plist */,
			);
			name = "Supporting Files";
			sourceTree = "<group>";
		};
/* End PBXGroup section */

/* Begin PBXNativeTarget section */
		BC89B0351BEEACFB00935C80 /* run2play */ = {
			isa = PBXNativeTarget;
			buildConfigurationList = BC89B05C1BEEACFB00935C80 /* Build configuration list for PBXNativeTarget "run2play" */;
			buildPhases = (
				BC89B0321BEEACFB00935C80 /* Sources */,
				BC89B0331BEEACFB00935C80 /* Frameworks */,
				BC89B0341BEEACFB00935C80 /* Resources */,
			);
			buildRules = (
			);
			dependencies = (
			);
			name = run2play;
			productName = run2play;
			productReference = BC89B0361BEEACFB00935C80 /* run2play.app */;
			productType = "com.apple.product-type.application";
		};
		BC89B0511BEEACFB00935C80 /* run2playTests */ = {
			isa = PBXNativeTarget;
			buildConfigurationList = BC89B05F1BEEACFB00935C80 /* Build configuration list for PBXNativeTarget "run2playTests" */;
			buildPhases = (
				BC89B04E1BEEACFB00935C80 /* Sources */,
				BC89B04F1BEEACFB00935C80 /* Frameworks */,
				BC89B0501BEEACFB00935C80 /* Resources */,
			);
			buildRules = (
			);
			dependencies = (
				BC89B0541BEEACFB00935C80 /* PBXTargetDependency */,
			);
			name = run2playTests;
			productName = run2playTests;
			productReference = BC89B0521BEEACFB00935C80 /* run2playTests.xctest */;
			productType = "com.apple.product-type.bundle.unit-test";
		};
/* End PBXNativeTarget section */

/* Begin PBXProject section */
		BC89B02E1BEEACFB00935C80 /* Project object */ = {
			isa = PBXProject;
			attributes = {
				LastUpgradeCheck = 0640;
				ORGANIZATIONNAME = "Alexandru Cezar MIhai";
				TargetAttributes = {
					BC89B0351BEEACFB00935C80 = {
						CreatedOnToolsVersion = 6.4;
						DevelopmentTeam = 9FQ5M2Y3L2;
						SystemCapabilities = {
							com.apple.HealthKit = {
								enabled = 1;
							};
						};
					};
					BC89B0511BEEACFB00935C80 = {
						CreatedOnToolsVersion = 6.4;
						TestTargetID = BC89B0351BEEACFB00935C80;
					};
				};
			};
			buildConfigurationList = BC89B0311BEEACFB00935C80 /* Build configuration list for PBXProject "run2play" */;
			compatibilityVersion = "Xcode 3.2";
			developmentRegion = English;
			hasScannedForEncodings = 0;
			knownRegions = (
				en,
				Base,
			);
			mainGroup = BC89B02D1BEEACFB00935C80;
			productRefGroup = BC89B0371BEEACFB00935C80 /* Products */;
			projectDirPath = "";
			projectRoot = "";
			targets = (
				BC89B0351BEEACFB00935C80 /* run2play */,
				BC89B0511BEEACFB00935C80 /* run2playTests */,
			);
		};
/* End PBXProject section */

/* Begin PBXResourcesBuildPhase section */
		BC89B0341BEEACFB00935C80 /* Resources */ = {
			isa = PBXResourcesBuildPhase;
			buildActionMask = 2147483647;
			files = (
				BC89B0861BEF879900935C80 /* Right Footprint-25.png in Resources */,
				BC89B0741BEEE16400935C80 /* 004.png in Resources */,
				BC89B08E1BEFAE0900935C80 /* Joke-1.png in Resources */,
				BC89B0821BEEF82C00935C80 /* Splash_screen.png in Resources */,
				BC89B08A1BEF8EC200935C80 /* LOL.png in Resources */,
				BC89B0481BEEACFB00935C80 /* Main.storyboard in Resources */,
				BC89B0781BEEE16400935C80 /* 008.png in Resources */,
				BC89B0791BEEE16400935C80 /* 009.png in Resources */,
				BC89B04D1BEEACFB00935C80 /* LaunchScreen.xib in Resources */,
				BC89B08C1BEFAD1600935C80 /* Joke.png in Resources */,
				BC89B07A1BEEE16400935C80 /* 010.png in Resources */,
				BC89B0771BEEE16400935C80 /* 007.png in Resources */,
				BC89B04A1BEEACFB00935C80 /* Images.xcassets in Resources */,
				BC89B0731BEEE16400935C80 /* 003.png in Resources */,
				BC89B0801BEEF5D500935C80 /* Run2Play_Icon.png in Resources */,
				BC89B0721BEEE16400935C80 /* 002.png in Resources */,
				BC89B0881BEF8C2900935C80 /* Splash_screen@1.png in Resources */,
				BC89B0841BEF879400935C80 /* Medal-25.png in Resources */,
				BC89B0761BEEE16400935C80 /* 006.png in Resources */,
				BC89B07E1BEEF25E00935C80 /* coin.png in Resources */,
				BC89B0711BEEE16400935C80 /* 001.png in Resources */,
				BC89B0751BEEE16400935C80 /* 005.png in Resources */,
				BC89B07C1BEEF1D400935C80 /* 1.jpg in Resources */,
			);
			runOnlyForDeploymentPostprocessing = 0;
		};
		BC89B0501BEEACFB00935C80 /* Resources */ = {
			isa = PBXResourcesBuildPhase;
			buildActionMask = 2147483647;
			files = (
			);
			runOnlyForDeploymentPostprocessing = 0;
		};
/* End PBXResourcesBuildPhase section */

/* Begin PBXSourcesBuildPhase section */
		BC89B0321BEEACFB00935C80 /* Sources */ = {
			isa = PBXSourcesBuildPhase;
			buildActionMask = 2147483647;
			files = (
				BC89B0451BEEACFB00935C80 /* SecondViewController.m in Sources */,
				BC89B03F1BEEACFB00935C80 /* AppDelegate.m in Sources */,
				BC89B0421BEEACFB00935C80 /* FirstViewController.m in Sources */,
				BC89B03C1BEEACFB00935C80 /* main.m in Sources */,
			);
			runOnlyForDeploymentPostprocessing = 0;
		};
		BC89B04E1BEEACFB00935C80 /* Sources */ = {
			isa = PBXSourcesBuildPhase;
			buildActionMask = 2147483647;
			files = (
				BC89B0591BEEACFB00935C80 /* run2playTests.m in Sources */,
			);
			runOnlyForDeploymentPostprocessing = 0;
		};
/* End PBXSourcesBuildPhase section */

/* Begin PBXTargetDependency section */
		BC89B0541BEEACFB00935C80 /* PBXTargetDependency */ = {
			isa = PBXTargetDependency;
			target = BC89B0351BEEACFB00935C80 /* run2play */;
			targetProxy = BC89B0531BEEACFB00935C80 /* PBXContainerItemProxy */;
		};
/* End PBXTargetDependency section */

/* Begin PBXVariantGroup section */
		BC89B0461BEEACFB00935C80 /* Main.storyboard */ = {
			isa = PBXVariantGroup;
			children = (
				BC89B0471BEEACFB00935C80 /* Base */,
			);
			name = Main.storyboard;
			sourceTree = "<group>";
		};
		BC89B04B1BEEACFB00935C80 /* LaunchScreen.xib */ = {
			isa = PBXVariantGroup;
			children = (
				BC89B04C1BEEACFB00935C80 /* Base */,
			);
			name = LaunchScreen.xib;
			sourceTree = "<group>";
		};
/* End PBXVariantGroup section */

/* Begin XCBuildConfiguration section */
		BC89B05A1BEEACFB00935C80 /* Debug */ = {
			isa = XCBuildConfiguration;
			buildSettings = {
				ALWAYS_SEARCH_USER_PATHS = NO;
				CLANG_CXX_LANGUAGE_STANDARD = "gnu++0x";
				CLANG_CXX_LIBRARY = "libc++";
				CLANG_ENABLE_MODULES = YES;
				CLANG_ENABLE_OBJC_ARC = YES;
				CLANG_WARN_BOOL_CONVERSION = YES;
				CLANG_WARN_CONSTANT_CONVERSION = YES;
				CLANG_WARN_DIRECT_OBJC_ISA_USAGE = YES_ERROR;
				CLANG_WARN_EMPTY_BODY = YES;
				CLANG_WARN_ENUM_CONVERSION = YES;
				CLANG_WARN_INT_CONVERSION = YES;
				CLANG_WARN_OBJC_ROOT_CLASS = YES_ERROR;
				CLANG_WARN_UNREACHABLE_CODE = YES;
				CLANG_WARN__DUPLICATE_METHOD_MATCH = YES;
				"CODE_SIGN_IDENTITY[sdk=iphoneos*]" = "iPhone Developer";
				COPY_PHASE_STRIP = NO;
				DEBUG_INFORMATION_FORMAT = "dwarf-with-dsym";
				ENABLE_STRICT_OBJC_MSGSEND = YES;
				GCC_C_LANGUAGE_STANDARD = gnu99;
				GCC_DYNAMIC_NO_PIC = NO;
				GCC_NO_COMMON_BLOCKS = YES;
				GCC_OPTIMIZATION_LEVEL = 0;
				GCC_PREPROCESSOR_DEFINITIONS = (
					"DEBUG=1",
					"$(inherited)",
				);
				GCC_SYMBOLS_PRIVATE_EXTERN = NO;
				GCC_WARN_64_TO_32_BIT_CONVERSION = YES;
				GCC_WARN_ABOUT_RETURN_TYPE = YES_ERROR;
				GCC_WARN_UNDECLARED_SELECTOR = YES;
				GCC_WARN_UNINITIALIZED_AUTOS = YES_AGGRESSIVE;
				GCC_WARN_UNUSED_FUNCTION = YES;
				GCC_WARN_UNUSED_VARIABLE = YES;
				IPHONEOS_DEPLOYMENT_TARGET = 8.4;
				MTL_ENABLE_DEBUG_INFO = YES;
				ONLY_ACTIVE_ARCH = YES;
				SDKROOT = iphoneos;
				TARGETED_DEVICE_FAMILY = "1,2";
			};
			name = Debug;
		};
		BC89B05B1BEEACFB00935C80 /* Release */ = {
			isa = XCBuildConfiguration;
			buildSettings = {
				ALWAYS_SEARCH_USER_PATHS = NO;
				CLANG_CXX_LANGUAGE_STANDARD = "gnu++0x";
				CLANG_CXX_LIBRARY = "libc++";
				CLANG_ENABLE_MODULES = YES;
				CLANG_ENABLE_OBJC_ARC = YES;
				CLANG_WARN_BOOL_CONVERSION = YES;
				CLANG_WARN_CONSTANT_CONVERSION = YES;
				CLANG_WARN_DIRECT_OBJC_ISA_USAGE = YES_ERROR;
				CLANG_WARN_EMPTY_BODY = YES;
				CLANG_WARN_ENUM_CONVERSION = YES;
				CLANG_WARN_INT_CONVERSION = YES;
				CLANG_WARN_OBJC_ROOT_CLASS = YES_ERROR;
				CLANG_WARN_UNREACHABLE_CODE = YES;
				CLANG_WARN__DUPLICATE_METHOD_MATCH = YES;
				"CODE_SIGN_IDENTITY[sdk=iphoneos*]" = "iPhone Developer";
				COPY_PHASE_STRIP = NO;
				DEBUG_INFORMATION_FORMAT = "dwarf-with-dsym";
				ENABLE_NS_ASSERTIONS = NO;
				ENABLE_STRICT_OBJC_MSGSEND = YES;
				GCC_C_LANGUAGE_STANDARD = gnu99;
				GCC_NO_COMMON_BLOCKS = YES;
				GCC_WARN_64_TO_32_BIT_CONVERSION = YES;
				GCC_WARN_ABOUT_RETURN_TYPE = YES_ERROR;
				GCC_WARN_UNDECLARED_SELECTOR = YES;
				GCC_WARN_UNINITIALIZED_AUTOS = YES_AGGRESSIVE;
				GCC_WARN_UNUSED_FUNCTION = YES;
				GCC_WARN_UNUSED_VARIABLE = YES;
				IPHONEOS_DEPLOYMENT_TARGET = 8.4;
				MTL_ENABLE_DEBUG_INFO = NO;
				SDKROOT = iphoneos;
				TARGETED_DEVICE_FAMILY = "1,2";
				VALIDATE_PRODUCT = YES;
			};
			name = Release;
		};
		BC89B05D1BEEACFB00935C80 /* Debug */ = {
			isa = XCBuildConfiguration;
			buildSettings = {
				ASSETCATALOG_COMPILER_APPICON_NAME = AppIcon;
				ASSETCATALOG_COMPILER_LAUNCHIMAGE_NAME = LaunchImage;
				CODE_SIGN_ENTITLEMENTS = run2play/run2play.entitlements;
				CODE_SIGN_IDENTITY = "iPhone Developer";
				"CODE_SIGN_IDENTITY[sdk=iphoneos*]" = "iPhone Developer";
				INFOPLIST_FILE = run2play/Info.plist;
				LD_RUNPATH_SEARCH_PATHS = "$(inherited) @executable_path/Frameworks";
				PRODUCT_NAME = "$(TARGET_NAME)";
				PROVISIONING_PROFILE = "";
				TARGETED_DEVICE_FAMILY = 1;
			};
			name = Debug;
		};
		BC89B05E1BEEACFB00935C80 /* Release */ = {
			isa = XCBuildConfiguration;
			buildSettings = {
				ASSETCATALOG_COMPILER_APPICON_NAME = AppIcon;
				ASSETCATALOG_COMPILER_LAUNCHIMAGE_NAME = LaunchImage;
				CODE_SIGN_ENTITLEMENTS = run2play/run2play.entitlements;
				CODE_SIGN_IDENTITY = "iPhone Developer";
				"CODE_SIGN_IDENTITY[sdk=iphoneos*]" = "iPhone Developer";
				INFOPLIST_FILE = run2play/Info.plist;
				LD_RUNPATH_SEARCH_PATHS = "$(inherited) @executable_path/Frameworks";
				PRODUCT_NAME = "$(TARGET_NAME)";
				PROVISIONING_PROFILE = "";
				TARGETED_DEVICE_FAMILY = 1;
			};
			name = Release;
		};
		BC89B0601BEEACFB00935C80 /* Debug */ = {
			isa = XCBuildConfiguration;
			buildSettings = {
				BUNDLE_LOADER = "$(TEST_HOST)";
				FRAMEWORK_SEARCH_PATHS = (
					"$(SDKROOT)/Developer/Library/Frameworks",
					"$(inherited)",
				);
				GCC_PREPROCESSOR_DEFINITIONS = (
					"DEBUG=1",
					"$(inherited)",
				);
				INFOPLIST_FILE = run2playTests/Info.plist;
				LD_RUNPATH_SEARCH_PATHS = "$(inherited) @executable_path/Frameworks @loader_path/Frameworks";
				PRODUCT_NAME = "$(TARGET_NAME)";
				TEST_HOST = "$(BUILT_PRODUCTS_DIR)/run2play.app/run2play";
			};
			name = Debug;
		};
		BC89B0611BEEACFB00935C80 /* Release */ = {
			isa = XCBuildConfiguration;
			buildSettings = {
				BUNDLE_LOADER = "$(TEST_HOST)";
				FRAMEWORK_SEARCH_PATHS = (
					"$(SDKROOT)/Developer/Library/Frameworks",
					"$(inherited)",
				);
				INFOPLIST_FILE = run2playTests/Info.plist;
				LD_RUNPATH_SEARCH_PATHS = "$(inherited) @executable_path/Frameworks @loader_path/Frameworks";
				PRODUCT_NAME = "$(TARGET_NAME)";
				TEST_HOST = "$(BUILT_PRODUCTS_DIR)/run2play.app/run2play";
			};
			name = Release;
		};
/* End XCBuildConfiguration section */

/* Begin XCConfigurationList section */
		BC89B0311BEEACFB00935C80 /* Build configuration list for PBXProject "run2play" */ = {
			isa = XCConfigurationList;
			buildConfigurations = (
				BC89B05A1BEEACFB00935C80 /* Debug */,
				BC89B05B1BEEACFB00935C80 /* Release */,
			);
			defaultConfigurationIsVisible = 0;
			defaultConfigurationName = Release;
		};
		BC89B05C1BEEACFB00935C80 /* Build configuration list for PBXNativeTarget "run2play" */ = {
			isa = XCConfigurationList;
			buildConfigurations = (
				BC89B05D1BEEACFB00935C80 /* Debug */,
				BC89B05E1BEEACFB00935C80 /* Release */,
			);
			defaultConfigurationIsVisible = 0;
			defaultConfigurationName = Release;
		};
		BC89B05F1BEEACFB00935C80 /* Build configuration list for PBXNativeTarget "run2playTests" */ = {
			isa = XCConfigurationList;
			buildConfigurations = (
				BC89B0601BEEACFB00935C80 /* Debug */,
				BC89B0611BEEACFB00935C80 /* Release */,
			);
			defaultConfigurationIsVisible = 0;
			defaultConfigurationName = Release;
		};
/* End XCConfigurationList section */
	};
	rootObject = BC89B02E1BEEACFB00935C80 /* Project object */;
}
